{
  "name": "onelake-studio",
  "version": "0.1.2",
  "lockfileVersion": 3,
  "requires": true,
  "packages": {
    "": {
      "name": "onelake-studio",
      "version": "0.1.2",
      "license": "MIT",
      "dependencies": {
        "@duckdb/node-api": "^1.5.4-r.1"
      },
      "devDependencies": {
        "@types/vscode": "^1.90.0"
      },
      "engines": {
        "vscode": "^1.90.0"
      }
    },
    "node_modules/@duckdb/node-api": {
      "version": "1.5.4-r.1",
      "resolved": "https://ms-feed-2.pkgs.visualstudio.com/1es-public/_packaging/npm-public/npm/registry/@duckdb/node-api/-/node-api-1.5.4-r.1.tgz",
      "integrity": "sha1-HGpsPgwRJDvpf3TQK/ouFTwoJls=",
      "license": "MIT",
      "dependencies": {
        "@duckdb/node-bindings": "1.5.4-r.1"
      }
    },
    "node_modules/@duckdb/node-bindings": {
      "version": "1.5.4-r.1",
      "resolved": "https://ms-feed-25.pkgs.visualstudio.com/1es-public/_packaging/npm-public/npm/registry/@duckdb/node-bindings/-/node-bindings-1.5.4-r.1.tgz",
      "integrity": "sha1-HdHmOJtYByG54j0K+9swA3MTGMs=",
      "license": "MIT",
      "dependencies": {
        "detect-libc": "^2.1.2"
      },
      "optionalDependencies": {
        "@duckdb/node-bindings-darwin-arm64": "1.5.4-r.1",
        "@duckdb/node-bindings-darwin-x64": "1.5.4-r.1",
        "@duckdb/node-bindings-linux-arm64": "1.5.4-r.1",
        "@duckdb/node-bindings-linux-arm64-musl": "1.5.4-r.1",
        "@duckdb/node-bindings-linux-x64": "1.5.4-r.1",
        "@duckdb/node-bindings-linux-x64-musl": "1.5.4-r.1",
        "@duckdb/node-bindings-win32-arm64": "1.5.4-r.1",
        "@duckdb/node-bindings-win32-x64": "1.5.4-r.1"
      }
    },
    "node_modules/@duckdb/node-bindings-darwin-arm64": {
      "version": "1.5.4-r.1",
      "resolved": "https://ms-feed-2.pkgs.visualstudio.com/1es-public/_packaging/npm-public/npm/registry/@duckdb/node-bindings-darwin-arm64/-/node-bindings-darwin-arm64-1.5.4-r.1.tgz",
      "integrity": "sha1-dRqa5je2JqOq+BFvcqGF+xBtwLs=",
      "cpu": [
        "arm64"
      ],
      "license": "MIT",
      "optional": true,
      "os": [
        "darwin"
      ]
    },
    "node_modules/@duckdb/node-bindings-darwin-x64": {
      "version": "1.5.4-r.1",
      "resolved": "https://ms-feed-12.pkgs.visualstudio.com/1es-public/_packaging/npm-public/npm/registry/@duckdb/node-bindings-darwin-x64/-/node-bindings-darwin-x64-1.5.4-r.1.tgz",
      "integrity": "sha1-JtWnqht3iaExicEswOQX0oVothU=",
      "cpu": [
        "x64"
      ],
      "license": "MIT",
      "optional": true,
      "os": [
        "darwin"
      ]
    },
    "node_modules/@duckdb/node-bindings-linux-arm64": {
      "version": "1.5.4-r.1",
      "resolved": "https://ms-feed-2.pkgs.visualstudio.com/1es-public/_packaging/npm-public/npm/registry/@duckdb/node-bindings-linux-arm64/-/node-bindings-linux-arm64-1.5.4-r.1.tgz",
      "integrity": "sha1-XDjWzF7KxofZ2s/pvSjwDZ79TD8=",
      "cpu": [
        "arm64"
      ],
      "license": "MIT",
      "optional": true,
      "os": [
        "linux"
      ]
    },
    "node_modules/@duckdb/node-bindings-linux-arm64-musl": {
      "version": "1.5.4-r.1",
      "resolved": "https://ms-feed-25.pkgs.visualstudio.com/1es-public/_packaging/npm-public/npm/registry/@duckdb/node-bindings-linux-arm64-musl/-/node-bindings-linux-arm64-musl-1.5.4-r.1.tgz",
      "integrity": "sha1-MWDrvfsXiHdGXqzJAvMNZMz6i6c=",
      "cpu": [
        "arm64"
      ],
      "license": "MIT",
      "optional": true,
      "os": [
        "linux"
      ]
    },
    "node_modules/@duckdb/node-bindings-linux-x64": {
      "version": "1.5.4-r.1",
      "resolved": "https://ms-feed-2.pkgs.visualstudio.com/1es-public/_packaging/npm-public/npm/registry/@duckdb/node-bindings-linux-x64/-/node-bindings-linux-x64-1.5.4-r.1.tgz",
      "integrity": "sha1-Itg4ds3hOrUs0hWdIdBo2pEBt6E=",
      "cpu": [
        "x64"
      ],
      "license": "MIT",
      "optional": true,
      "os": [
        "linux"
      ]
    },
    "node_modules/@duckdb/node-bindings-linux-x64-musl": {
      "version": "1.5.4-r.1",
      "resolved": "https://ms-feed-2.pkgs.visualstudio.com/1es-public/_packaging/npm-public/npm/registry/@duckdb/node-bindings-linux-x64-musl/-/node-bindings-linux-x64-musl-1.5.4-r.1.tgz",
      "integrity": "sha1-5qmnLGR5vGYg7TiDjb63oaI8rdE=",
      "cpu": [
        "x64"
      ],
      "license": "MIT",
      "optional": true,
      "os": [
        "linux"
      ]
    },
    "node_modules/@duckdb/node-bindings-win32-arm64": {
      "version": "1.5.4-r.1",
      "resolved": "https://ms-feed-12.pkgs.visualstudio.com/1es-public/_packaging/npm-public/npm/registry/@duckdb/node-bindings-win32-arm64/-/node-bindings-win32-arm64-1.5.4-r.1.tgz",
      "integrity": "sha1-bnR5gmXnWrstFrrA3axbj0mi/O4=",
      "cpu": [
        "arm64"
      ],
      "license": "MIT",
      "optional": true,
      "os": [
        "win32"
      ]
    },
    "node_modules/@duckdb/node-bindings-win32-x64": {
      "version": "1.5.4-r.1",
      "resolved": "https://ms-feed-2.pkgs.visualstudio.com/1es-public/_packaging/npm-public/npm/registry/@duckdb/node-bindings-win32-x64/-/node-bindings-win32-x64-1.5.4-r.1.tgz",
      "integrity": "sha1-yXY4vLzEcqRCjYRMqU1LjT/NkY4=",
      "cpu": [
        "x64"
      ],
      "license": "MIT",
      "optional": true,
      "os": [
        "win32"
      ]
    },
    "node_modules/@types/vscode": {
      "version": "1.125.0",
      "resolved": "https://ms-feed-2.pkgs.visualstudio.com/1es-public/_packaging/npm-public/npm/registry/@types/vscode/-/vscode-1.125.0.tgz",
      "integrity": "sha1-lEdV/hb8rxUGCJm/IUVWx1SeTNY=",
      "dev": true,
      "license": "MIT"
    },
    "node_modules/detect-libc": {
      "version": "2.1.2",
      "resolved": "https://ms-feed-25.pkgs.visualstudio.com/1es-public/_packaging/npm-public/npm/registry/detect-libc/-/detect-libc-2.1.2.tgz",
      "integrity": "sha1-aJxdzcGQDvVYOky59te0c3QgdK0=",
      "license": "Apache-2.0",
      "engines": {
        "node": ">=8"
      }
    }
  }
}
